
Microsoft Visual Studio Solution File, Format Version 12.00
# Visual Studio Version 16
VisualStudioVersion = 16.0.30711.63
MinimumVisualStudioVersion = 10.0.40219.1
Project("{FAE04EC0-301F-11D3-BF4B-00C04F79EFBC}") = "SeleniumCSharpNetCore", "SeleniumCSharpNetCore\SeleniumCSharpNetCore.csproj", "{86A09F91-BF1A-4C0A-B570-9DE5850A68FA}"
EndProject
Global
	GlobalSection(SolutionConfigurationPlatforms) = preSolution
		Debug|Any CPU = Debug|Any CPU
		Release|Any CPU = Release|Any CPU
	EndGlobalSection
	GlobalSection(ProjectConfigurationPlatforms) = postSolution
		{86A09F91-BF1A-4C0A-B570-9DE5850A68FA}.Debug|Any CPU.ActiveCfg = Debug|Any CPU
		{86A09F91-BF1A-4C0A-B570-9DE5850A68FA}.Debug|Any CPU.Build.0 = Debug|Any CPU
		{86A09F91-BF1A-4C0A-B570-9DE5850A68FA}.Release|Any CPU.ActiveCfg = Release|Any CPU
		{86A09F91-BF1A-4C0A-B570-9DE5850A68FA}.Release|Any CPU.Build.0 = Release|Any CPU
	EndGlobalSection
	GlobalSection(SolutionProperties) = preSolution
		HideSolutionNode = FALSE
	EndGlobalSection
	GlobalSection(ExtensibilityGlobals) = postSolution
		SolutionGuid = {A14EBCB0-2EC9-4F32-B0D9-617B5D5B39AC}
	EndGlobalSection
EndGlobal
